
Microsoft Visual Studio Solution File, Format Version 12.00
# Visual Studio 2017
Project("{FAE04EC0-301F-11D3-BF4B-00C04F79EFBC}") = "CardsPCL", "CardsPCL.csproj", "{3B759BE7-8A27-48F4-BA10-A603A8090353}"
EndProject
Global
	GlobalSection(SolutionConfigurationPlatforms) = preSolution
		Debug|Any CPU = Debug|Any CPU
		Release|Any CPU = Release|Any CPU
	EndGlobalSection
	GlobalSection(ProjectConfigurationPlatforms) = postSolution
		{3B759BE7-8A27-48F4-BA10-A603A8090353}.Debug|Any CPU.ActiveCfg = Debug|Any CPU
		{3B759BE7-8A27-48F4-BA10-A603A8090353}.Debug|Any CPU.Build.0 = Debug|Any CPU
		{3B759BE7-8A27-48F4-BA10-A603A8090353}.Release|Any CPU.ActiveCfg = Release|Any CPU
		{3B759BE7-8A27-48F4-BA10-A603A8090353}.Release|Any CPU.Build.0 = Release|Any CPU
	EndGlobalSection
EndGlobal
